// !$*UTF8*$!
{
	archiveVersion = 1;
	classes = {
	};
	objectVersion = 50;
	objects = {

/* Begin PBXBuildFile section */
		CED36DE422EB82C6001E51B7 /* AppDelegate.swift in Sources */ = {isa = PBXBuildFile; fileRef = CED36DE322EB82C6001E51B7 /* AppDelegate.swift */; };
		CED36DE922EB82C6001E51B7 /* Main.storyboard in Resources */ = {isa = PBXBuildFile; fileRef = CED36DE722EB82C6001E51B7 /* Main.storyboard */; };
		CED36DEB22EB82C8001E51B7 /* Assets.xcassets in Resources */ = {isa = PBXBuildFile; fileRef = CED36DEA22EB82C8001E51B7 /* Assets.xcassets */; };
		CED36DEE22EB82C8001E51B7 /* LaunchScreen.storyboard in Resources */ = {isa = PBXBuildFile; fileRef = CED36DEC22EB82C8001E51B7 /* LaunchScreen.storyboard */; };
		CED36DFB22EDEE4C001E51B7 /* MealsTableViewController.swift in Sources */ = {isa = PBXBuildFile; fileRef = CED36DFA22EDEE4C001E51B7 /* MealsTableViewController.swift */; };
		CED36DFD22EDEE6B001E51B7 /* MealTableViewCell.swift in Sources */ = {isa = PBXBuildFile; fileRef = CED36DFC22EDEE6B001E51B7 /* MealTableViewCell.swift */; };
		CED36DFF22EDEE82001E51B7 /* Meal.swift in Sources */ = {isa = PBXBuildFile; fileRef = CED36DFE22EDEE82001E51B7 /* Meal.swift */; };
		CED36E0122EDF119001E51B7 /* MealViewController.swift in Sources */ = {isa = PBXBuildFile; fileRef = CED36E0022EDF119001E51B7 /* MealViewController.swift */; };
/* End PBXBuildFile section */

/* Begin PBXFileReference section */
		CED36DE022EB82C6001E51B7 /* FoodTracker.app */ = {isa = PBXFileReference; explicitFileType = wrapper.application; includeInIndex = 0; path = FoodTracker.app; sourceTree = BUILT_PRODUCTS_DIR; };
		CED36DE322EB82C6001E51B7 /* AppDelegate.swift */ = {isa = PBXFileReference; lastKnownFileType = sourcecode.swift; path = AppDelegate.swift; sourceTree = "<group>"; };
		CED36DE822EB82C6001E51B7 /* Base */ = {isa = PBXFileReference; lastKnownFileType = file.storyboard; name = Base; path = Base.lproj/Main.storyboard; sourceTree = "<group>"; };
		CED36DEA22EB82C8001E51B7 /* Assets.xcassets */ = {isa = PBXFileReference; lastKnownFileType = folder.assetcatalog; path = Assets.xcassets; sourceTree = "<group>"; };
		CED36DED22EB82C8001E51B7 /* Base */ = {isa = PBXFileReference; lastKnownFileType = file.storyboard; name = Base; path = Base.lproj/LaunchScreen.storyboard; sourceTree = "<group>"; };
		CED36DEF22EB82C8001E51B7 /* Info.plist */ = {isa = PBXFileReference; lastKnownFileType = text.plist.xml; path = Info.plist; sourceTree = "<group>"; };
		CED36DFA22EDEE4C001E51B7 /* MealsTableViewController.swift */ = {isa = PBXFileReference; lastKnownFileType = sourcecode.swift; path = MealsTableViewController.swift; sourceTree = "<group>"; };
		CED36DFC22EDEE6B001E51B7 /* MealTableViewCell.swift */ = {isa = PBXFileReference; lastKnownFileType = sourcecode.swift; path = MealTableViewCell.swift; sourceTree = "<group>"; };
		CED36DFE22EDEE82001E51B7 /* Meal.swift */ = {isa = PBXFileReference; lastKnownFileType = sourcecode.swift; path = Meal.swift; sourceTree = "<group>"; };
		CED36E0022EDF119001E51B7 /* MealViewController.swift */ = {isa = PBXFileReference; lastKnownFileType = sourcecode.swift; path = MealViewController.swift; sourceTree = "<group>"; };
/* End PBXFileReference section */

/* Begin PBXFrameworksBuildPhase section */
		CED36DDD22EB82C6001E51B7 /* Frameworks */ = {
			isa = PBXFrameworksBuildPhase;
			buildActionMask = 2147483647;
			files = (
			);
			runOnlyForDeploymentPostprocessing = 0;
		};
/* End PBXFrameworksBuildPhase section */

/* Begin PBXGroup section */
		CED36DD722EB82C6001E51B7 = {
			isa = PBXGroup;
			children = (
				CED36DE222EB82C6001E51B7 /* FoodTracker */,
				CED36DE122EB82C6001E51B7 /* Products */,
			);
			sourceTree = "<group>";
		};
		CED36DE122EB82C6001E51B7 /* Products */ = {
			isa = PBXGroup;
			children = (
				CED36DE022EB82C6001E51B7 /* FoodTracker.app */,
			);
			name = Products;
			sourceTree = "<group>";
		};
		CED36DE222EB82C6001E51B7 /* FoodTracker */ = {
			isa = PBXGroup;
			children = (
				CED36DE722EB82C6001E51B7 /* Main.storyboard */,
				CED36DEC22EB82C8001E51B7 /* LaunchScreen.storyboard */,
				CED36DF722EDED6C001E51B7 /* View Controllers */,
				CED36DF622EDED69001E51B7 /* Views */,
				CED36DF522EDED66001E51B7 /* Models */,
				CED36DE322EB82C6001E51B7 /* AppDelegate.swift */,
				CED36DEA22EB82C8001E51B7 /* Assets.xcassets */,
				CED36DEF22EB82C8001E51B7 /* Info.plist */,
			);
			path = FoodTracker;
			sourceTree = "<group>";
		};
		CED36DF522EDED66001E51B7 /* Models */ = {
			isa = PBXGroup;
			children = (
				CED36DFE22EDEE82001E51B7 /* Meal.swift */,
			);
			path = Models;
			sourceTree = "<group>";
		};
		CED36DF622EDED69001E51B7 /* Views */ = {
			isa = PBXGroup;
			children = (
				CED36DFC22EDEE6B001E51B7 /* MealTableViewCell.swift */,
			);
			path = Views;
			sourceTree = "<group>";
		};
		CED36DF722EDED6C001E51B7 /* View Controllers */ = {
			isa = PBXGroup;
			children = (
				CED36DFA22EDEE4C001E51B7 /* MealsTableViewController.swift */,
				CED36E0022EDF119001E51B7 /* MealViewController.swift */,
			);
			path = "View Controllers";
			sourceTree = "<group>";
		};
/* End PBXGroup section */

/* Begin PBXNativeTarget section */
		CED36DDF22EB82C6001E51B7 /* FoodTracker */ = {
			isa = PBXNativeTarget;
			buildConfigurationList = CED36DF222EB82C8001E51B7 /* Build configuration list for PBXNativeTarget "FoodTracker" */;
			buildPhases = (
				CED36DDC22EB82C6001E51B7 /* Sources */,
				CED36DDD22EB82C6001E51B7 /* Frameworks */,
				CED36DDE22EB82C6001E51B7 /* Resources */,
			);
			buildRules = (
			);
			dependencies = (
			);
			name = FoodTracker;
			productName = FoodTracker;
			productReference = CED36DE022EB82C6001E51B7 /* FoodTracker.app */;
			productType = "com.apple.product-type.application";
		};
/* End PBXNativeTarget section */

/* Begin PBXProject section */
		CED36DD822EB82C6001E51B7 /* Project object */ = {
			isa = PBXProject;
			attributes = {
				LastSwiftUpdateCheck = 1020;
				LastUpgradeCheck = 1020;
				ORGANIZATIONNAME = omaestra;
				TargetAttributes = {
					CED36DDF22EB82C6001E51B7 = {
						CreatedOnToolsVersion = 10.2.1;
					};
				};
			};
			buildConfigurationList = CED36DDB22EB82C6001E51B7 /* Build configuration list for PBXProject "FoodTracker" */;
			compatibilityVersion = "Xcode 9.3";
			developmentRegion = en;
			hasScannedForEncodings = 0;
			knownRegions = (
				en,
				Base,
			);
			mainGroup = CED36DD722EB82C6001E51B7;
			productRefGroup = CED36DE122EB82C6001E51B7 /* Products */;
			projectDirPath = "";
			projectRoot = "";
			targets = (
				CED36DDF22EB82C6001E51B7 /* FoodTracker */,
			);
		};
/* End PBXProject section */

/* Begin PBXResourcesBuildPhase section */
		CED36DDE22EB82C6001E51B7 /* Resources */ = {
			isa = PBXResourcesBuildPhase;
			buildActionMask = 2147483647;
			files = (
				CED36DEE22EB82C8001E51B7 /* LaunchScreen.storyboard in Resources */,
				CED36DEB22EB82C8001E51B7 /* Assets.xcassets in Resources */,
				CED36DE922EB82C6001E51B7 /* Main.storyboard in Resources */,
			);
			runOnlyForDeploymentPostprocessing = 0;
		};
/* End PBXResourcesBuildPhase section */

/* Begin PBXSourcesBuildPhase section */
		CED36DDC22EB82C6001E51B7 /* Sources */ = {
			isa = PBXSourcesBuildPhase;
			buildActionMask = 2147483647;
			files = (
				CED36DFF22EDEE82001E51B7 /* Meal.swift in Sources */,
				CED36E0122EDF119001E51B7 /* MealViewController.swift in Sources */,
				CED36DFB22EDEE4C001E51B7 /* MealsTableViewController.swift in Sources */,
				CED36DE422EB82C6001E51B7 /* AppDelegate.swift in Sources */,
				CED36DFD22EDEE6B001E51B7 /* MealTableViewCell.swift in Sources */,
			);
			runOnlyForDeploymentPostprocessing = 0;
		};
/* End PBXSourcesBuildPhase section */

/* Begin PBXVariantGroup section */
		CED36DE722EB82C6001E51B7 /* Main.storyboard */ = {
			isa = PBXVariantGroup;
			children = (
				CED36DE822EB82C6001E51B7 /* Base */,
			);
			name = Main.storyboard;
			sourceTree = "<group>";
		};
		CED36DEC22EB82C8001E51B7 /* LaunchScreen.storyboard */ = {
			isa = PBXVariantGroup;
			children = (
				CED36DED22EB82C8001E51B7 /* Base */,
			);
			name = LaunchScreen.storyboard;
			sourceTree = "<group>";
		};
/* End PBXVariantGroup section */

/* Begin XCBuildConfiguration section */
		CED36DF022EB82C8001E51B7 /* Debug */ = {
			isa = XCBuildConfiguration;
			buildSettings = {
				ALWAYS_SEARCH_USER_PATHS = NO;
				CLANG_ANALYZER_NONNULL = YES;
				CLANG_ANALYZER_NUMBER_OBJECT_CONVERSION = YES_AGGRESSIVE;
				CLANG_CXX_LANGUAGE_STANDARD = "gnu++14";
				CLANG_CXX_LIBRARY = "libc++";
				CLANG_ENABLE_MODULES = YES;
				CLANG_ENABLE_OBJC_ARC = YES;
				CLANG_ENABLE_OBJC_WEAK = YES;
				CLANG_WARN_BLOCK_CAPTURE_AUTORELEASING = YES;
				CLANG_WARN_BOOL_CONVERSION = YES;
				CLANG_WARN_COMMA = YES;
				CLANG_WARN_CONSTANT_CONVERSION = YES;
				CLANG_WARN_DEPRECATED_OBJC_IMPLEMENTATIONS = YES;
				CLANG_WARN_DIRECT_OBJC_ISA_USAGE = YES_ERROR;
				CLANG_WARN_DOCUMENTATION_COMMENTS = YES;
				CLANG_WARN_EMPTY_BODY = YES;
				CLANG_WARN_ENUM_CONVERSION = YES;
				CLANG_WARN_INFINITE_RECURSION = YES;
				CLANG_WARN_INT_CONVERSION = YES;
				CLANG_WARN_NON_LITERAL_NULL_CONVERSION = YES;
				CLANG_WARN_OBJC_IMPLICIT_RETAIN_SELF = YES;
				CLANG_WARN_OBJC_LITERAL_CONVERSION = YES;
				CLANG_WARN_OBJC_ROOT_CLASS = YES_ERROR;
				CLANG_WARN_RANGE_LOOP_ANALYSIS = YES;
				CLANG_WARN_STRICT_PROTOTYPES = YES;
				CLANG_WARN_SUSPICIOUS_MOVE = YES;
				CLANG_WARN_UNGUARDED_AVAILABILITY = YES_AGGRESSIVE;
				CLANG_WARN_UNREACHABLE_CODE = YES;
				CLANG_WARN__DUPLICATE_METHOD_MATCH = YES;
				CODE_SIGN_IDENTITY = "iPhone Developer";
				COPY_PHASE_STRIP = NO;
				DEBUG_INFORMATION_FORMAT = dwarf;
				ENABLE_STRICT_OBJC_MSGSEND = YES;
				ENABLE_TESTABILITY = YES;
				GCC_C_LANGUAGE_STANDARD = gnu11;
				GCC_DYNAMIC_NO_PIC = NO;
				GCC_NO_COMMON_BLOCKS = YES;
				GCC_OPTIMIZATION_LEVEL = 0;
				GCC_PREPROCESSOR_DEFINITIONS = (
					"DEBUG=1",
					"$(inherited)",
				);
				GCC_WARN_64_TO_32_BIT_CONVERSION = YES;
				GCC_WARN_ABOUT_RETURN_TYPE = YES_ERROR;
				GCC_WARN_UNDECLARED_SELECTOR = YES;
				GCC_WARN_UNINITIALIZED_AUTOS = YES_AGGRESSIVE;
				GCC_WARN_UNUSED_FUNCTION = YES;
				GCC_WARN_UNUSED_VARIABLE = YES;
				IPHONEOS_DEPLOYMENT_TARGET = 12.2;
				MTL_ENABLE_DEBUG_INFO = INCLUDE_SOURCE;
				MTL_FAST_MATH = YES;
				ONLY_ACTIVE_ARCH = YES;
				SDKROOT = iphoneos;
				SWIFT_ACTIVE_COMPILATION_CONDITIONS = DEBUG;
				SWIFT_OPTIMIZATION_LEVEL = "-Onone";
			};
			name = Debug;
		};
		CED36DF122EB82C8001E51B7 /* Release */ = {
			isa = XCBuildConfiguration;
			buildSettings = {
				ALWAYS_SEARCH_USER_PATHS = NO;
				CLANG_ANALYZER_NONNULL = YES;
				CLANG_ANALYZER_NUMBER_OBJECT_CONVERSION = YES_AGGRESSIVE;
				CLANG_CXX_LANGUAGE_STANDARD = "gnu++14";
				CLANG_CXX_LIBRARY = "libc++";
				CLANG_ENABLE_MODULES = YES;
				CLANG_ENABLE_OBJC_ARC = YES;
				CLANG_ENABLE_OBJC_WEAK = YES;
				CLANG_WARN_BLOCK_CAPTURE_AUTORELEASING = YES;
				CLANG_WARN_BOOL_CONVERSION = YES;
				CLANG_WARN_COMMA = YES;
				CLANG_WARN_CONSTANT_CONVERSION = YES;
				CLANG_WARN_DEPRECATED_OBJC_IMPLEMENTATIONS = YES;
				CLANG_WARN_DIRECT_OBJC_ISA_USAGE = YES_ERROR;
				CLANG_WARN_DOCUMENTATION_COMMENTS = YES;
				CLANG_WARN_EMPTY_BODY = YES;
				CLANG_WARN_ENUM_CONVERSION = YES;
				CLANG_WARN_INFINITE_RECURSION = YES;
				CLANG_WARN_INT_CONVERSION = YES;
				CLANG_WARN_NON_LITERAL_NULL_CONVERSION = YES;
				CLANG_WARN_OBJC_IMPLICIT_RETAIN_SELF = YES;
				CLANG_WARN_OBJC_LITERAL_CONVERSION = YES;
				CLANG_WARN_OBJC_ROOT_CLASS = YES_ERROR;
				CLANG_WARN_RANGE_LOOP_ANALYSIS = YES;
				CLANG_WARN_STRICT_PROTOTYPES = YES;
				CLANG_WARN_SUSPICIOUS_MOVE = YES;
				CLANG_WARN_UNGUARDED_AVAILABILITY = YES_AGGRESSIVE;
				CLANG_WARN_UNREACHABLE_CODE = YES;
				CLANG_WARN__DUPLICATE_METHOD_MATCH = YES;
				CODE_SIGN_IDENTITY = "iPhone Developer";
				COPY_PHASE_STRIP = NO;
				DEBUG_INFORMATION_FORMAT = "dwarf-with-dsym";
				ENABLE_NS_ASSERTIONS = NO;
				ENABLE_STRICT_OBJC_MSGSEND = YES;
				GCC_C_LANGUAGE_STANDARD = gnu11;
				GCC_NO_COMMON_BLOCKS = YES;
				GCC_WARN_64_TO_32_BIT_CONVERSION = YES;
				GCC_WARN_ABOUT_RETURN_TYPE = YES_ERROR;
				GCC_WARN_UNDECLARED_SELECTOR = YES;
				GCC_WARN_UNINITIALIZED_AUTOS = YES_AGGRESSIVE;
				GCC_WARN_UNUSED_FUNCTION = YES;
				GCC_WARN_UNUSED_VARIABLE = YES;
				IPHONEOS_DEPLOYMENT_TARGET = 12.2;
				MTL_ENABLE_DEBUG_INFO = NO;
				MTL_FAST_MATH = YES;
				SDKROOT = iphoneos;
				SWIFT_COMPILATION_MODE = wholemodule;
				SWIFT_OPTIMIZATION_LEVEL = "-O";
				VALIDATE_PRODUCT = YES;
			};
			name = Release;
		};
		CED36DF322EB82C8001E51B7 /* Debug */ = {
			isa = XCBuildConfiguration;
			buildSettings = {
				ASSETCATALOG_COMPILER_APPICON_NAME = AppIcon;
				CODE_SIGN_STYLE = Automatic;
				DEVELOPMENT_TEAM = "";
				INFOPLIST_FILE = FoodTracker/Info.plist;
				LD_RUNPATH_SEARCH_PATHS = (
					"$(inherited)",
					"@executable_path/Frameworks",
				);
				PRODUCT_BUNDLE_IDENTIFIER = com.omaestra.FoodTracker;
				PRODUCT_NAME = "$(TARGET_NAME)";
				SWIFT_VERSION = 5.0;
				TARGETED_DEVICE_FAMILY = "1,2";
			};
			name = Debug;
		};
		CED36DF422EB82C8001E51B7 /* Release */ = {
			isa = XCBuildConfiguration;
			buildSettings = {
				ASSETCATALOG_COMPILER_APPICON_NAME = AppIcon;
				CODE_SIGN_STYLE = Automatic;
				DEVELOPMENT_TEAM = "";
				INFOPLIST_FILE = FoodTracker/Info.plist;
				LD_RUNPATH_SEARCH_PATHS = (
					"$(inherited)",
					"@executable_path/Frameworks",
				);
				PRODUCT_BUNDLE_IDENTIFIER = com.omaestra.FoodTracker;
				PRODUCT_NAME = "$(TARGET_NAME)";
				SWIFT_VERSION = 5.0;
				TARGETED_DEVICE_FAMILY = "1,2";
			};
			name = Release;
		};
/* End XCBuildConfiguration section */

/* Begin XCConfigurationList section */
		CED36DDB22EB82C6001E51B7 /* Build configuration list for PBXProject "FoodTracker" */ = {
			isa = XCConfigurationList;
			buildConfigurations = (
				CED36DF022EB82C8001E51B7 /* Debug */,
				CED36DF122EB82C8001E51B7 /* Release */,
			);
			defaultConfigurationIsVisible = 0;
			defaultConfigurationName = Release;
		};
		CED36DF222EB82C8001E51B7 /* Build configuration list for PBXNativeTarget "FoodTracker" */ = {
			isa = XCConfigurationList;
			buildConfigurations = (
				CED36DF322EB82C8001E51B7 /* Debug */,
				CED36DF422EB82C8001E51B7 /* Release */,
			);
			defaultConfigurationIsVisible = 0;
			defaultConfigurationName = Release;
		};
/* End XCConfigurationList section */
	};
	rootObject = CED36DD822EB82C6001E51B7 /* Project object */;
}
