// !$*UTF8*$!
{
	archiveVersion = 1;
	classes = {
	};
	objectVersion = 50;
	objects = {

/* Begin PBXBuildFile section */
		CE5FCD3922EA4B3F00A2AF2B /* AppDelegate.swift in Sources */ = {isa = PBXBuildFile; fileRef = CE5FCD3822EA4B3F00A2AF2B /* AppDelegate.swift */; };
		CE5FCD3E22EA4B3F00A2AF2B /* Main.storyboard in Resources */ = {isa = PBXBuildFile; fileRef = CE5FCD3C22EA4B3F00A2AF2B /* Main.storyboard */; };
		CE5FCD4022EA4B4000A2AF2B /* Assets.xcassets in Resources */ = {isa = PBXBuildFile; fileRef = CE5FCD3F22EA4B4000A2AF2B /* Assets.xcassets */; };
		CE5FCD4322EA4B4000A2AF2B /* LaunchScreen.storyboard in Resources */ = {isa = PBXBuildFile; fileRef = CE5FCD4122EA4B4000A2AF2B /* LaunchScreen.storyboard */; };
		CE5FCD4B22EA4B5A00A2AF2B /* IntroductionViewController.swift in Sources */ = {isa = PBXBuildFile; fileRef = CE5FCD4A22EA4B5A00A2AF2B /* IntroductionViewController.swift */; };
		CE5FCD4D22EA4B7100A2AF2B /* QuestionViewController.swift in Sources */ = {isa = PBXBuildFile; fileRef = CE5FCD4C22EA4B7100A2AF2B /* QuestionViewController.swift */; };
		CE5FCD4F22EA4BA200A2AF2B /* ResultsViewController.swift in Sources */ = {isa = PBXBuildFile; fileRef = CE5FCD4E22EA4BA200A2AF2B /* ResultsViewController.swift */; };
		CE5FCD5122EA4BBA00A2AF2B /* QuestionData.swift in Sources */ = {isa = PBXBuildFile; fileRef = CE5FCD5022EA4BBA00A2AF2B /* QuestionData.swift */; };
/* End PBXBuildFile section */

/* Begin PBXFileReference section */
		CE5FCD3522EA4B3F00A2AF2B /* PersonalityQuiz.app */ = {isa = PBXFileReference; explicitFileType = wrapper.application; includeInIndex = 0; path = PersonalityQuiz.app; sourceTree = BUILT_PRODUCTS_DIR; };
		CE5FCD3822EA4B3F00A2AF2B /* AppDelegate.swift */ = {isa = PBXFileReference; lastKnownFileType = sourcecode.swift; path = AppDelegate.swift; sourceTree = "<group>"; };
		CE5FCD3D22EA4B3F00A2AF2B /* Base */ = {isa = PBXFileReference; lastKnownFileType = file.storyboard; name = Base; path = Base.lproj/Main.storyboard; sourceTree = "<group>"; };
		CE5FCD3F22EA4B4000A2AF2B /* Assets.xcassets */ = {isa = PBXFileReference; lastKnownFileType = folder.assetcatalog; path = Assets.xcassets; sourceTree = "<group>"; };
		CE5FCD4222EA4B4000A2AF2B /* Base */ = {isa = PBXFileReference; lastKnownFileType = file.storyboard; name = Base; path = Base.lproj/LaunchScreen.storyboard; sourceTree = "<group>"; };
		CE5FCD4422EA4B4000A2AF2B /* Info.plist */ = {isa = PBXFileReference; lastKnownFileType = text.plist.xml; path = Info.plist; sourceTree = "<group>"; };
		CE5FCD4A22EA4B5A00A2AF2B /* IntroductionViewController.swift */ = {isa = PBXFileReference; lastKnownFileType = sourcecode.swift; path = IntroductionViewController.swift; sourceTree = "<group>"; };
		CE5FCD4C22EA4B7100A2AF2B /* QuestionViewController.swift */ = {isa = PBXFileReference; lastKnownFileType = sourcecode.swift; path = QuestionViewController.swift; sourceTree = "<group>"; };
		CE5FCD4E22EA4BA200A2AF2B /* ResultsViewController.swift */ = {isa = PBXFileReference; lastKnownFileType = sourcecode.swift; path = ResultsViewController.swift; sourceTree = "<group>"; };
		CE5FCD5022EA4BBA00A2AF2B /* QuestionData.swift */ = {isa = PBXFileReference; lastKnownFileType = sourcecode.swift; path = QuestionData.swift; sourceTree = "<group>"; };
/* End PBXFileReference section */

/* Begin PBXFrameworksBuildPhase section */
		CE5FCD3222EA4B3F00A2AF2B /* Frameworks */ = {
			isa = PBXFrameworksBuildPhase;
			buildActionMask = 2147483647;
			files = (
			);
			runOnlyForDeploymentPostprocessing = 0;
		};
/* End PBXFrameworksBuildPhase section */

/* Begin PBXGroup section */
		CE5FCD2C22EA4B3F00A2AF2B = {
			isa = PBXGroup;
			children = (
				CE5FCD3722EA4B3F00A2AF2B /* PersonalityQuiz */,
				CE5FCD3622EA4B3F00A2AF2B /* Products */,
			);
			sourceTree = "<group>";
		};
		CE5FCD3622EA4B3F00A2AF2B /* Products */ = {
			isa = PBXGroup;
			children = (
				CE5FCD3522EA4B3F00A2AF2B /* PersonalityQuiz.app */,
			);
			name = Products;
			sourceTree = "<group>";
		};
		CE5FCD3722EA4B3F00A2AF2B /* PersonalityQuiz */ = {
			isa = PBXGroup;
			children = (
				CE5FCD3822EA4B3F00A2AF2B /* AppDelegate.swift */,
				CE5FCD3C22EA4B3F00A2AF2B /* Main.storyboard */,
				CE5FCD3F22EA4B4000A2AF2B /* Assets.xcassets */,
				CE5FCD4122EA4B4000A2AF2B /* LaunchScreen.storyboard */,
				CE5FCD4422EA4B4000A2AF2B /* Info.plist */,
				CE5FCD4A22EA4B5A00A2AF2B /* IntroductionViewController.swift */,
				CE5FCD4C22EA4B7100A2AF2B /* QuestionViewController.swift */,
				CE5FCD4E22EA4BA200A2AF2B /* ResultsViewController.swift */,
				CE5FCD5022EA4BBA00A2AF2B /* QuestionData.swift */,
			);
			path = PersonalityQuiz;
			sourceTree = "<group>";
		};
/* End PBXGroup section */

/* Begin PBXNativeTarget section */
		CE5FCD3422EA4B3F00A2AF2B /* PersonalityQuiz */ = {
			isa = PBXNativeTarget;
			buildConfigurationList = CE5FCD4722EA4B4000A2AF2B /* Build configuration list for PBXNativeTarget "PersonalityQuiz" */;
			buildPhases = (
				CE5FCD3122EA4B3F00A2AF2B /* Sources */,
				CE5FCD3222EA4B3F00A2AF2B /* Frameworks */,
				CE5FCD3322EA4B3F00A2AF2B /* Resources */,
			);
			buildRules = (
			);
			dependencies = (
			);
			name = PersonalityQuiz;
			productName = PersonalityQuiz;
			productReference = CE5FCD3522EA4B3F00A2AF2B /* PersonalityQuiz.app */;
			productType = "com.apple.product-type.application";
		};
/* End PBXNativeTarget section */

/* Begin PBXProject section */
		CE5FCD2D22EA4B3F00A2AF2B /* Project object */ = {
			isa = PBXProject;
			attributes = {
				LastSwiftUpdateCheck = 1020;
				LastUpgradeCheck = 1020;
				ORGANIZATIONNAME = omaestra;
				TargetAttributes = {
					CE5FCD3422EA4B3F00A2AF2B = {
						CreatedOnToolsVersion = 10.2.1;
					};
				};
			};
			buildConfigurationList = CE5FCD3022EA4B3F00A2AF2B /* Build configuration list for PBXProject "PersonalityQuiz" */;
			compatibilityVersion = "Xcode 9.3";
			developmentRegion = en;
			hasScannedForEncodings = 0;
			knownRegions = (
				en,
				Base,
			);
			mainGroup = CE5FCD2C22EA4B3F00A2AF2B;
			productRefGroup = CE5FCD3622EA4B3F00A2AF2B /* Products */;
			projectDirPath = "";
			projectRoot = "";
			targets = (
				CE5FCD3422EA4B3F00A2AF2B /* PersonalityQuiz */,
			);
		};
/* End PBXProject section */

/* Begin PBXResourcesBuildPhase section */
		CE5FCD3322EA4B3F00A2AF2B /* Resources */ = {
			isa = PBXResourcesBuildPhase;
			buildActionMask = 2147483647;
			files = (
				CE5FCD4322EA4B4000A2AF2B /* LaunchScreen.storyboard in Resources */,
				CE5FCD4022EA4B4000A2AF2B /* Assets.xcassets in Resources */,
				CE5FCD3E22EA4B3F00A2AF2B /* Main.storyboard in Resources */,
			);
			runOnlyForDeploymentPostprocessing = 0;
		};
/* End PBXResourcesBuildPhase section */

/* Begin PBXSourcesBuildPhase section */
		CE5FCD3122EA4B3F00A2AF2B /* Sources */ = {
			isa = PBXSourcesBuildPhase;
			buildActionMask = 2147483647;
			files = (
				CE5FCD4B22EA4B5A00A2AF2B /* IntroductionViewController.swift in Sources */,
				CE5FCD4D22EA4B7100A2AF2B /* QuestionViewController.swift in Sources */,
				CE5FCD5122EA4BBA00A2AF2B /* QuestionData.swift in Sources */,
				CE5FCD4F22EA4BA200A2AF2B /* ResultsViewController.swift in Sources */,
				CE5FCD3922EA4B3F00A2AF2B /* AppDelegate.swift in Sources */,
			);
			runOnlyForDeploymentPostprocessing = 0;
		};
/* End PBXSourcesBuildPhase section */

/* Begin PBXVariantGroup section */
		CE5FCD3C22EA4B3F00A2AF2B /* Main.storyboard */ = {
			isa = PBXVariantGroup;
			children = (
				CE5FCD3D22EA4B3F00A2AF2B /* Base */,
			);
			name = Main.storyboard;
			sourceTree = "<group>";
		};
		CE5FCD4122EA4B4000A2AF2B /* LaunchScreen.storyboard */ = {
			isa = PBXVariantGroup;
			children = (
				CE5FCD4222EA4B4000A2AF2B /* Base */,
			);
			name = LaunchScreen.storyboard;
			sourceTree = "<group>";
		};
/* End PBXVariantGroup section */

/* Begin XCBuildConfiguration section */
		CE5FCD4522EA4B4000A2AF2B /* Debug */ = {
			isa = XCBuildConfiguration;
			buildSettings = {
				ALWAYS_SEARCH_USER_PATHS = NO;
				CLANG_ANALYZER_NONNULL = YES;
				CLANG_ANALYZER_NUMBER_OBJECT_CONVERSION = YES_AGGRESSIVE;
				CLANG_CXX_LANGUAGE_STANDARD = "gnu++14";
				CLANG_CXX_LIBRARY = "libc++";
				CLANG_ENABLE_MODULES = YES;
				CLANG_ENABLE_OBJC_ARC = YES;
				CLANG_ENABLE_OBJC_WEAK = YES;
				CLANG_WARN_BLOCK_CAPTURE_AUTORELEASING = YES;
				CLANG_WARN_BOOL_CONVERSION = YES;
				CLANG_WARN_COMMA = YES;
				CLANG_WARN_CONSTANT_CONVERSION = YES;
				CLANG_WARN_DEPRECATED_OBJC_IMPLEMENTATIONS = YES;
				CLANG_WARN_DIRECT_OBJC_ISA_USAGE = YES_ERROR;
				CLANG_WARN_DOCUMENTATION_COMMENTS = YES;
				CLANG_WARN_EMPTY_BODY = YES;
				CLANG_WARN_ENUM_CONVERSION = YES;
				CLANG_WARN_INFINITE_RECURSION = YES;
				CLANG_WARN_INT_CONVERSION = YES;
				CLANG_WARN_NON_LITERAL_NULL_CONVERSION = YES;
				CLANG_WARN_OBJC_IMPLICIT_RETAIN_SELF = YES;
				CLANG_WARN_OBJC_LITERAL_CONVERSION = YES;
				CLANG_WARN_OBJC_ROOT_CLASS = YES_ERROR;
				CLANG_WARN_RANGE_LOOP_ANALYSIS = YES;
				CLANG_WARN_STRICT_PROTOTYPES = YES;
				CLANG_WARN_SUSPICIOUS_MOVE = YES;
				CLANG_WARN_UNGUARDED_AVAILABILITY = YES_AGGRESSIVE;
				CLANG_WARN_UNREACHABLE_CODE = YES;
				CLANG_WARN__DUPLICATE_METHOD_MATCH = YES;
				CODE_SIGN_IDENTITY = "iPhone Developer";
				COPY_PHASE_STRIP = NO;
				DEBUG_INFORMATION_FORMAT = dwarf;
				ENABLE_STRICT_OBJC_MSGSEND = YES;
				ENABLE_TESTABILITY = YES;
				GCC_C_LANGUAGE_STANDARD = gnu11;
				GCC_DYNAMIC_NO_PIC = NO;
				GCC_NO_COMMON_BLOCKS = YES;
				GCC_OPTIMIZATION_LEVEL = 0;
				GCC_PREPROCESSOR_DEFINITIONS = (
					"DEBUG=1",
					"$(inherited)",
				);
				GCC_WARN_64_TO_32_BIT_CONVERSION = YES;
				GCC_WARN_ABOUT_RETURN_TYPE = YES_ERROR;
				GCC_WARN_UNDECLARED_SELECTOR = YES;
				GCC_WARN_UNINITIALIZED_AUTOS = YES_AGGRESSIVE;
				GCC_WARN_UNUSED_FUNCTION = YES;
				GCC_WARN_UNUSED_VARIABLE = YES;
				IPHONEOS_DEPLOYMENT_TARGET = 12.2;
				MTL_ENABLE_DEBUG_INFO = INCLUDE_SOURCE;
				MTL_FAST_MATH = YES;
				ONLY_ACTIVE_ARCH = YES;
				SDKROOT = iphoneos;
				SWIFT_ACTIVE_COMPILATION_CONDITIONS = DEBUG;
				SWIFT_OPTIMIZATION_LEVEL = "-Onone";
			};
			name = Debug;
		};
		CE5FCD4622EA4B4000A2AF2B /* Release */ = {
			isa = XCBuildConfiguration;
			buildSettings = {
				ALWAYS_SEARCH_USER_PATHS = NO;
				CLANG_ANALYZER_NONNULL = YES;
				CLANG_ANALYZER_NUMBER_OBJECT_CONVERSION = YES_AGGRESSIVE;
				CLANG_CXX_LANGUAGE_STANDARD = "gnu++14";
				CLANG_CXX_LIBRARY = "libc++";
				CLANG_ENABLE_MODULES = YES;
				CLANG_ENABLE_OBJC_ARC = YES;
				CLANG_ENABLE_OBJC_WEAK = YES;
				CLANG_WARN_BLOCK_CAPTURE_AUTORELEASING = YES;
				CLANG_WARN_BOOL_CONVERSION = YES;
				CLANG_WARN_COMMA = YES;
				CLANG_WARN_CONSTANT_CONVERSION = YES;
				CLANG_WARN_DEPRECATED_OBJC_IMPLEMENTATIONS = YES;
				CLANG_WARN_DIRECT_OBJC_ISA_USAGE = YES_ERROR;
				CLANG_WARN_DOCUMENTATION_COMMENTS = YES;
				CLANG_WARN_EMPTY_BODY = YES;
				CLANG_WARN_ENUM_CONVERSION = YES;
				CLANG_WARN_INFINITE_RECURSION = YES;
				CLANG_WARN_INT_CONVERSION = YES;
				CLANG_WARN_NON_LITERAL_NULL_CONVERSION = YES;
				CLANG_WARN_OBJC_IMPLICIT_RETAIN_SELF = YES;
				CLANG_WARN_OBJC_LITERAL_CONVERSION = YES;
				CLANG_WARN_OBJC_ROOT_CLASS = YES_ERROR;
				CLANG_WARN_RANGE_LOOP_ANALYSIS = YES;
				CLANG_WARN_STRICT_PROTOTYPES = YES;
				CLANG_WARN_SUSPICIOUS_MOVE = YES;
				CLANG_WARN_UNGUARDED_AVAILABILITY = YES_AGGRESSIVE;
				CLANG_WARN_UNREACHABLE_CODE = YES;
				CLANG_WARN__DUPLICATE_METHOD_MATCH = YES;
				CODE_SIGN_IDENTITY = "iPhone Developer";
				COPY_PHASE_STRIP = NO;
				DEBUG_INFORMATION_FORMAT = "dwarf-with-dsym";
				ENABLE_NS_ASSERTIONS = NO;
				ENABLE_STRICT_OBJC_MSGSEND = YES;
				GCC_C_LANGUAGE_STANDARD = gnu11;
				GCC_NO_COMMON_BLOCKS = YES;
				GCC_WARN_64_TO_32_BIT_CONVERSION = YES;
				GCC_WARN_ABOUT_RETURN_TYPE = YES_ERROR;
				GCC_WARN_UNDECLARED_SELECTOR = YES;
				GCC_WARN_UNINITIALIZED_AUTOS = YES_AGGRESSIVE;
				GCC_WARN_UNUSED_FUNCTION = YES;
				GCC_WARN_UNUSED_VARIABLE = YES;
				IPHONEOS_DEPLOYMENT_TARGET = 12.2;
				MTL_ENABLE_DEBUG_INFO = NO;
				MTL_FAST_MATH = YES;
				SDKROOT = iphoneos;
				SWIFT_COMPILATION_MODE = wholemodule;
				SWIFT_OPTIMIZATION_LEVEL = "-O";
				VALIDATE_PRODUCT = YES;
			};
			name = Release;
		};
		CE5FCD4822EA4B4000A2AF2B /* Debug */ = {
			isa = XCBuildConfiguration;
			buildSettings = {
				ASSETCATALOG_COMPILER_APPICON_NAME = AppIcon;
				CODE_SIGN_STYLE = Automatic;
				DEVELOPMENT_TEAM = VE9B7KYEE9;
				INFOPLIST_FILE = PersonalityQuiz/Info.plist;
				LD_RUNPATH_SEARCH_PATHS = (
					"$(inherited)",
					"@executable_path/Frameworks",
				);
				PRODUCT_BUNDLE_IDENTIFIER = com.omaestra.PersonalityQuiz;
				PRODUCT_NAME = "$(TARGET_NAME)";
				SWIFT_VERSION = 5.0;
				TARGETED_DEVICE_FAMILY = "1,2";
			};
			name = Debug;
		};
		CE5FCD4922EA4B4000A2AF2B /* Release */ = {
			isa = XCBuildConfiguration;
			buildSettings = {
				ASSETCATALOG_COMPILER_APPICON_NAME = AppIcon;
				CODE_SIGN_STYLE = Automatic;
				DEVELOPMENT_TEAM = VE9B7KYEE9;
				INFOPLIST_FILE = PersonalityQuiz/Info.plist;
				LD_RUNPATH_SEARCH_PATHS = (
					"$(inherited)",
					"@executable_path/Frameworks",
				);
				PRODUCT_BUNDLE_IDENTIFIER = com.omaestra.PersonalityQuiz;
				PRODUCT_NAME = "$(TARGET_NAME)";
				SWIFT_VERSION = 5.0;
				TARGETED_DEVICE_FAMILY = "1,2";
			};
			name = Release;
		};
/* End XCBuildConfiguration section */

/* Begin XCConfigurationList section */
		CE5FCD3022EA4B3F00A2AF2B /* Build configuration list for PBXProject "PersonalityQuiz" */ = {
			isa = XCConfigurationList;
			buildConfigurations = (
				CE5FCD4522EA4B4000A2AF2B /* Debug */,
				CE5FCD4622EA4B4000A2AF2B /* Release */,
			);
			defaultConfigurationIsVisible = 0;
			defaultConfigurationName = Release;
		};
		CE5FCD4722EA4B4000A2AF2B /* Build configuration list for PBXNativeTarget "PersonalityQuiz" */ = {
			isa = XCConfigurationList;
			buildConfigurations = (
				CE5FCD4822EA4B4000A2AF2B /* Debug */,
				CE5FCD4922EA4B4000A2AF2B /* Release */,
			);
			defaultConfigurationIsVisible = 0;
			defaultConfigurationName = Release;
		};
/* End XCConfigurationList section */
	};
	rootObject = CE5FCD2D22EA4B3F00A2AF2B /* Project object */;
}
