// !$*UTF8*$!
{
	archiveVersion = 1;
	classes = {
	};
	objectVersion = 50;
	objects = {

/* Begin PBXBuildFile section */
		CE3A195822F185F700893D21 /* EmojiFormTableViewController.swift in Sources */ = {isa = PBXBuildFile; fileRef = CE3A195722F185F700893D21 /* EmojiFormTableViewController.swift */; };
		CED36E8822F167D9001E51B7 /* AppDelegate.swift in Sources */ = {isa = PBXBuildFile; fileRef = CED36E8722F167D9001E51B7 /* AppDelegate.swift */; };
		CED36E8D22F167D9001E51B7 /* Main.storyboard in Resources */ = {isa = PBXBuildFile; fileRef = CED36E8B22F167D9001E51B7 /* Main.storyboard */; };
		CED36E8F22F167DA001E51B7 /* Assets.xcassets in Resources */ = {isa = PBXBuildFile; fileRef = CED36E8E22F167DA001E51B7 /* Assets.xcassets */; };
		CED36E9222F167DA001E51B7 /* LaunchScreen.storyboard in Resources */ = {isa = PBXBuildFile; fileRef = CED36E9022F167DA001E51B7 /* LaunchScreen.storyboard */; };
		CED36E9E22F1680B001E51B7 /* Emoji.swift in Sources */ = {isa = PBXBuildFile; fileRef = CED36E9D22F1680B001E51B7 /* Emoji.swift */; };
		CED36EA022F169BB001E51B7 /* EmojiTableViewController.swift in Sources */ = {isa = PBXBuildFile; fileRef = CED36E9F22F169BB001E51B7 /* EmojiTableViewController.swift */; };
		CED36EA222F17426001E51B7 /* EmojiTableViewCell.swift in Sources */ = {isa = PBXBuildFile; fileRef = CED36EA122F17426001E51B7 /* EmojiTableViewCell.swift */; };
/* End PBXBuildFile section */

/* Begin PBXFileReference section */
		CE3A195722F185F700893D21 /* EmojiFormTableViewController.swift */ = {isa = PBXFileReference; lastKnownFileType = sourcecode.swift; path = EmojiFormTableViewController.swift; sourceTree = "<group>"; };
		CED36E8422F167D9001E51B7 /* EmojiDictionary.app */ = {isa = PBXFileReference; explicitFileType = wrapper.application; includeInIndex = 0; path = EmojiDictionary.app; sourceTree = BUILT_PRODUCTS_DIR; };
		CED36E8722F167D9001E51B7 /* AppDelegate.swift */ = {isa = PBXFileReference; lastKnownFileType = sourcecode.swift; path = AppDelegate.swift; sourceTree = "<group>"; };
		CED36E8C22F167D9001E51B7 /* Base */ = {isa = PBXFileReference; lastKnownFileType = file.storyboard; name = Base; path = Base.lproj/Main.storyboard; sourceTree = "<group>"; };
		CED36E8E22F167DA001E51B7 /* Assets.xcassets */ = {isa = PBXFileReference; lastKnownFileType = folder.assetcatalog; path = Assets.xcassets; sourceTree = "<group>"; };
		CED36E9122F167DA001E51B7 /* Base */ = {isa = PBXFileReference; lastKnownFileType = file.storyboard; name = Base; path = Base.lproj/LaunchScreen.storyboard; sourceTree = "<group>"; };
		CED36E9322F167DA001E51B7 /* Info.plist */ = {isa = PBXFileReference; lastKnownFileType = text.plist.xml; path = Info.plist; sourceTree = "<group>"; };
		CED36E9D22F1680B001E51B7 /* Emoji.swift */ = {isa = PBXFileReference; lastKnownFileType = sourcecode.swift; path = Emoji.swift; sourceTree = "<group>"; };
		CED36E9F22F169BB001E51B7 /* EmojiTableViewController.swift */ = {isa = PBXFileReference; lastKnownFileType = sourcecode.swift; path = EmojiTableViewController.swift; sourceTree = "<group>"; };
		CED36EA122F17426001E51B7 /* EmojiTableViewCell.swift */ = {isa = PBXFileReference; lastKnownFileType = sourcecode.swift; path = EmojiTableViewCell.swift; sourceTree = "<group>"; };
/* End PBXFileReference section */

/* Begin PBXFrameworksBuildPhase section */
		CED36E8122F167D9001E51B7 /* Frameworks */ = {
			isa = PBXFrameworksBuildPhase;
			buildActionMask = 2147483647;
			files = (
			);
			runOnlyForDeploymentPostprocessing = 0;
		};
/* End PBXFrameworksBuildPhase section */

/* Begin PBXGroup section */
		CED36E7B22F167D9001E51B7 = {
			isa = PBXGroup;
			children = (
				CED36E8622F167D9001E51B7 /* EmojiDictionary */,
				CED36E8522F167D9001E51B7 /* Products */,
			);
			sourceTree = "<group>";
		};
		CED36E8522F167D9001E51B7 /* Products */ = {
			isa = PBXGroup;
			children = (
				CED36E8422F167D9001E51B7 /* EmojiDictionary.app */,
			);
			name = Products;
			sourceTree = "<group>";
		};
		CED36E8622F167D9001E51B7 /* EmojiDictionary */ = {
			isa = PBXGroup;
			children = (
				CED36E9C22F167F5001E51B7 /* Controllers */,
				CED36E9B22F167F0001E51B7 /* Views */,
				CED36E9922F167E6001E51B7 /* Models */,
				CED36E8722F167D9001E51B7 /* AppDelegate.swift */,
				CED36E8B22F167D9001E51B7 /* Main.storyboard */,
				CED36E8E22F167DA001E51B7 /* Assets.xcassets */,
				CED36E9022F167DA001E51B7 /* LaunchScreen.storyboard */,
				CED36E9322F167DA001E51B7 /* Info.plist */,
			);
			path = EmojiDictionary;
			sourceTree = "<group>";
		};
		CED36E9922F167E6001E51B7 /* Models */ = {
			isa = PBXGroup;
			children = (
				CED36E9D22F1680B001E51B7 /* Emoji.swift */,
			);
			path = Models;
			sourceTree = "<group>";
		};
		CED36E9B22F167F0001E51B7 /* Views */ = {
			isa = PBXGroup;
			children = (
				CED36EA122F17426001E51B7 /* EmojiTableViewCell.swift */,
			);
			path = Views;
			sourceTree = "<group>";
		};
		CED36E9C22F167F5001E51B7 /* Controllers */ = {
			isa = PBXGroup;
			children = (
				CED36E9F22F169BB001E51B7 /* EmojiTableViewController.swift */,
				CE3A195722F185F700893D21 /* EmojiFormTableViewController.swift */,
			);
			path = Controllers;
			sourceTree = "<group>";
		};
/* End PBXGroup section */

/* Begin PBXNativeTarget section */
		CED36E8322F167D9001E51B7 /* EmojiDictionary */ = {
			isa = PBXNativeTarget;
			buildConfigurationList = CED36E9622F167DA001E51B7 /* Build configuration list for PBXNativeTarget "EmojiDictionary" */;
			buildPhases = (
				CED36E8022F167D9001E51B7 /* Sources */,
				CED36E8122F167D9001E51B7 /* Frameworks */,
				CED36E8222F167D9001E51B7 /* Resources */,
			);
			buildRules = (
			);
			dependencies = (
			);
			name = EmojiDictionary;
			productName = EmojiDictionary;
			productReference = CED36E8422F167D9001E51B7 /* EmojiDictionary.app */;
			productType = "com.apple.product-type.application";
		};
/* End PBXNativeTarget section */

/* Begin PBXProject section */
		CED36E7C22F167D9001E51B7 /* Project object */ = {
			isa = PBXProject;
			attributes = {
				LastSwiftUpdateCheck = 1020;
				LastUpgradeCheck = 1020;
				ORGANIZATIONNAME = omaestra;
				TargetAttributes = {
					CED36E8322F167D9001E51B7 = {
						CreatedOnToolsVersion = 10.2.1;
					};
				};
			};
			buildConfigurationList = CED36E7F22F167D9001E51B7 /* Build configuration list for PBXProject "EmojiDictionary" */;
			compatibilityVersion = "Xcode 9.3";
			developmentRegion = en;
			hasScannedForEncodings = 0;
			knownRegions = (
				en,
				Base,
			);
			mainGroup = CED36E7B22F167D9001E51B7;
			productRefGroup = CED36E8522F167D9001E51B7 /* Products */;
			projectDirPath = "";
			projectRoot = "";
			targets = (
				CED36E8322F167D9001E51B7 /* EmojiDictionary */,
			);
		};
/* End PBXProject section */

/* Begin PBXResourcesBuildPhase section */
		CED36E8222F167D9001E51B7 /* Resources */ = {
			isa = PBXResourcesBuildPhase;
			buildActionMask = 2147483647;
			files = (
				CED36E9222F167DA001E51B7 /* LaunchScreen.storyboard in Resources */,
				CED36E8F22F167DA001E51B7 /* Assets.xcassets in Resources */,
				CED36E8D22F167D9001E51B7 /* Main.storyboard in Resources */,
			);
			runOnlyForDeploymentPostprocessing = 0;
		};
/* End PBXResourcesBuildPhase section */

/* Begin PBXSourcesBuildPhase section */
		CED36E8022F167D9001E51B7 /* Sources */ = {
			isa = PBXSourcesBuildPhase;
			buildActionMask = 2147483647;
			files = (
				CED36E9E22F1680B001E51B7 /* Emoji.swift in Sources */,
				CE3A195822F185F700893D21 /* EmojiFormTableViewController.swift in Sources */,
				CED36EA022F169BB001E51B7 /* EmojiTableViewController.swift in Sources */,
				CED36EA222F17426001E51B7 /* EmojiTableViewCell.swift in Sources */,
				CED36E8822F167D9001E51B7 /* AppDelegate.swift in Sources */,
			);
			runOnlyForDeploymentPostprocessing = 0;
		};
/* End PBXSourcesBuildPhase section */

/* Begin PBXVariantGroup section */
		CED36E8B22F167D9001E51B7 /* Main.storyboard */ = {
			isa = PBXVariantGroup;
			children = (
				CED36E8C22F167D9001E51B7 /* Base */,
			);
			name = Main.storyboard;
			sourceTree = "<group>";
		};
		CED36E9022F167DA001E51B7 /* LaunchScreen.storyboard */ = {
			isa = PBXVariantGroup;
			children = (
				CED36E9122F167DA001E51B7 /* Base */,
			);
			name = LaunchScreen.storyboard;
			sourceTree = "<group>";
		};
/* End PBXVariantGroup section */

/* Begin XCBuildConfiguration section */
		CED36E9422F167DA001E51B7 /* Debug */ = {
			isa = XCBuildConfiguration;
			buildSettings = {
				ALWAYS_SEARCH_USER_PATHS = NO;
				CLANG_ANALYZER_NONNULL = YES;
				CLANG_ANALYZER_NUMBER_OBJECT_CONVERSION = YES_AGGRESSIVE;
				CLANG_CXX_LANGUAGE_STANDARD = "gnu++14";
				CLANG_CXX_LIBRARY = "libc++";
				CLANG_ENABLE_MODULES = YES;
				CLANG_ENABLE_OBJC_ARC = YES;
				CLANG_ENABLE_OBJC_WEAK = YES;
				CLANG_WARN_BLOCK_CAPTURE_AUTORELEASING = YES;
				CLANG_WARN_BOOL_CONVERSION = YES;
				CLANG_WARN_COMMA = YES;
				CLANG_WARN_CONSTANT_CONVERSION = YES;
				CLANG_WARN_DEPRECATED_OBJC_IMPLEMENTATIONS = YES;
				CLANG_WARN_DIRECT_OBJC_ISA_USAGE = YES_ERROR;
				CLANG_WARN_DOCUMENTATION_COMMENTS = YES;
				CLANG_WARN_EMPTY_BODY = YES;
				CLANG_WARN_ENUM_CONVERSION = YES;
				CLANG_WARN_INFINITE_RECURSION = YES;
				CLANG_WARN_INT_CONVERSION = YES;
				CLANG_WARN_NON_LITERAL_NULL_CONVERSION = YES;
				CLANG_WARN_OBJC_IMPLICIT_RETAIN_SELF = YES;
				CLANG_WARN_OBJC_LITERAL_CONVERSION = YES;
				CLANG_WARN_OBJC_ROOT_CLASS = YES_ERROR;
				CLANG_WARN_RANGE_LOOP_ANALYSIS = YES;
				CLANG_WARN_STRICT_PROTOTYPES = YES;
				CLANG_WARN_SUSPICIOUS_MOVE = YES;
				CLANG_WARN_UNGUARDED_AVAILABILITY = YES_AGGRESSIVE;
				CLANG_WARN_UNREACHABLE_CODE = YES;
				CLANG_WARN__DUPLICATE_METHOD_MATCH = YES;
				CODE_SIGN_IDENTITY = "iPhone Developer";
				COPY_PHASE_STRIP = NO;
				DEBUG_INFORMATION_FORMAT = dwarf;
				ENABLE_STRICT_OBJC_MSGSEND = YES;
				ENABLE_TESTABILITY = YES;
				GCC_C_LANGUAGE_STANDARD = gnu11;
				GCC_DYNAMIC_NO_PIC = NO;
				GCC_NO_COMMON_BLOCKS = YES;
				GCC_OPTIMIZATION_LEVEL = 0;
				GCC_PREPROCESSOR_DEFINITIONS = (
					"DEBUG=1",
					"$(inherited)",
				);
				GCC_WARN_64_TO_32_BIT_CONVERSION = YES;
				GCC_WARN_ABOUT_RETURN_TYPE = YES_ERROR;
				GCC_WARN_UNDECLARED_SELECTOR = YES;
				GCC_WARN_UNINITIALIZED_AUTOS = YES_AGGRESSIVE;
				GCC_WARN_UNUSED_FUNCTION = YES;
				GCC_WARN_UNUSED_VARIABLE = YES;
				IPHONEOS_DEPLOYMENT_TARGET = 12.2;
				MTL_ENABLE_DEBUG_INFO = INCLUDE_SOURCE;
				MTL_FAST_MATH = YES;
				ONLY_ACTIVE_ARCH = YES;
				SDKROOT = iphoneos;
				SWIFT_ACTIVE_COMPILATION_CONDITIONS = DEBUG;
				SWIFT_OPTIMIZATION_LEVEL = "-Onone";
			};
			name = Debug;
		};
		CED36E9522F167DA001E51B7 /* Release */ = {
			isa = XCBuildConfiguration;
			buildSettings = {
				ALWAYS_SEARCH_USER_PATHS = NO;
				CLANG_ANALYZER_NONNULL = YES;
				CLANG_ANALYZER_NUMBER_OBJECT_CONVERSION = YES_AGGRESSIVE;
				CLANG_CXX_LANGUAGE_STANDARD = "gnu++14";
				CLANG_CXX_LIBRARY = "libc++";
				CLANG_ENABLE_MODULES = YES;
				CLANG_ENABLE_OBJC_ARC = YES;
				CLANG_ENABLE_OBJC_WEAK = YES;
				CLANG_WARN_BLOCK_CAPTURE_AUTORELEASING = YES;
				CLANG_WARN_BOOL_CONVERSION = YES;
				CLANG_WARN_COMMA = YES;
				CLANG_WARN_CONSTANT_CONVERSION = YES;
				CLANG_WARN_DEPRECATED_OBJC_IMPLEMENTATIONS = YES;
				CLANG_WARN_DIRECT_OBJC_ISA_USAGE = YES_ERROR;
				CLANG_WARN_DOCUMENTATION_COMMENTS = YES;
				CLANG_WARN_EMPTY_BODY = YES;
				CLANG_WARN_ENUM_CONVERSION = YES;
				CLANG_WARN_INFINITE_RECURSION = YES;
				CLANG_WARN_INT_CONVERSION = YES;
				CLANG_WARN_NON_LITERAL_NULL_CONVERSION = YES;
				CLANG_WARN_OBJC_IMPLICIT_RETAIN_SELF = YES;
				CLANG_WARN_OBJC_LITERAL_CONVERSION = YES;
				CLANG_WARN_OBJC_ROOT_CLASS = YES_ERROR;
				CLANG_WARN_RANGE_LOOP_ANALYSIS = YES;
				CLANG_WARN_STRICT_PROTOTYPES = YES;
				CLANG_WARN_SUSPICIOUS_MOVE = YES;
				CLANG_WARN_UNGUARDED_AVAILABILITY = YES_AGGRESSIVE;
				CLANG_WARN_UNREACHABLE_CODE = YES;
				CLANG_WARN__DUPLICATE_METHOD_MATCH = YES;
				CODE_SIGN_IDENTITY = "iPhone Developer";
				COPY_PHASE_STRIP = NO;
				DEBUG_INFORMATION_FORMAT = "dwarf-with-dsym";
				ENABLE_NS_ASSERTIONS = NO;
				ENABLE_STRICT_OBJC_MSGSEND = YES;
				GCC_C_LANGUAGE_STANDARD = gnu11;
				GCC_NO_COMMON_BLOCKS = YES;
				GCC_WARN_64_TO_32_BIT_CONVERSION = YES;
				GCC_WARN_ABOUT_RETURN_TYPE = YES_ERROR;
				GCC_WARN_UNDECLARED_SELECTOR = YES;
				GCC_WARN_UNINITIALIZED_AUTOS = YES_AGGRESSIVE;
				GCC_WARN_UNUSED_FUNCTION = YES;
				GCC_WARN_UNUSED_VARIABLE = YES;
				IPHONEOS_DEPLOYMENT_TARGET = 12.2;
				MTL_ENABLE_DEBUG_INFO = NO;
				MTL_FAST_MATH = YES;
				SDKROOT = iphoneos;
				SWIFT_COMPILATION_MODE = wholemodule;
				SWIFT_OPTIMIZATION_LEVEL = "-O";
				VALIDATE_PRODUCT = YES;
			};
			name = Release;
		};
		CED36E9722F167DA001E51B7 /* Debug */ = {
			isa = XCBuildConfiguration;
			buildSettings = {
				ASSETCATALOG_COMPILER_APPICON_NAME = AppIcon;
				CODE_SIGN_STYLE = Automatic;
				DEVELOPMENT_TEAM = VE9B7KYEE9;
				INFOPLIST_FILE = EmojiDictionary/Info.plist;
				LD_RUNPATH_SEARCH_PATHS = (
					"$(inherited)",
					"@executable_path/Frameworks",
				);
				PRODUCT_BUNDLE_IDENTIFIER = com.omaestra.EmojiDictionary;
				PRODUCT_NAME = "$(TARGET_NAME)";
				SWIFT_VERSION = 5.0;
				TARGETED_DEVICE_FAMILY = "1,2";
			};
			name = Debug;
		};
		CED36E9822F167DA001E51B7 /* Release */ = {
			isa = XCBuildConfiguration;
			buildSettings = {
				ASSETCATALOG_COMPILER_APPICON_NAME = AppIcon;
				CODE_SIGN_STYLE = Automatic;
				DEVELOPMENT_TEAM = VE9B7KYEE9;
				INFOPLIST_FILE = EmojiDictionary/Info.plist;
				LD_RUNPATH_SEARCH_PATHS = (
					"$(inherited)",
					"@executable_path/Frameworks",
				);
				PRODUCT_BUNDLE_IDENTIFIER = com.omaestra.EmojiDictionary;
				PRODUCT_NAME = "$(TARGET_NAME)";
				SWIFT_VERSION = 5.0;
				TARGETED_DEVICE_FAMILY = "1,2";
			};
			name = Release;
		};
/* End XCBuildConfiguration section */

/* Begin XCConfigurationList section */
		CED36E7F22F167D9001E51B7 /* Build configuration list for PBXProject "EmojiDictionary" */ = {
			isa = XCConfigurationList;
			buildConfigurations = (
				CED36E9422F167DA001E51B7 /* Debug */,
				CED36E9522F167DA001E51B7 /* Release */,
			);
			defaultConfigurationIsVisible = 0;
			defaultConfigurationName = Release;
		};
		CED36E9622F167DA001E51B7 /* Build configuration list for PBXNativeTarget "EmojiDictionary" */ = {
			isa = XCConfigurationList;
			buildConfigurations = (
				CED36E9722F167DA001E51B7 /* Debug */,
				CED36E9822F167DA001E51B7 /* Release */,
			);
			defaultConfigurationIsVisible = 0;
			defaultConfigurationName = Release;
		};
/* End XCConfigurationList section */
	};
	rootObject = CED36E7C22F167D9001E51B7 /* Project object */;
}
