// !$*UTF8*$!
{
	archiveVersion = 1;
	classes = {
	};
	objectVersion = 50;
	objects = {

/* Begin PBXBuildFile section */
		CE5FCCEE22E8E17500A2AF2B /* AppDelegate.swift in Sources */ = {isa = PBXBuildFile; fileRef = CE5FCCED22E8E17500A2AF2B /* AppDelegate.swift */; };
		CE5FCCF022E8E17500A2AF2B /* ViewController.swift in Sources */ = {isa = PBXBuildFile; fileRef = CE5FCCEF22E8E17500A2AF2B /* ViewController.swift */; };
		CE5FCCF322E8E17500A2AF2B /* Main.storyboard in Resources */ = {isa = PBXBuildFile; fileRef = CE5FCCF122E8E17500A2AF2B /* Main.storyboard */; };
		CE5FCCF522E8E17700A2AF2B /* Assets.xcassets in Resources */ = {isa = PBXBuildFile; fileRef = CE5FCCF422E8E17700A2AF2B /* Assets.xcassets */; };
		CE5FCCF822E8E17700A2AF2B /* LaunchScreen.storyboard in Resources */ = {isa = PBXBuildFile; fileRef = CE5FCCF622E8E17700A2AF2B /* LaunchScreen.storyboard */; };
/* End PBXBuildFile section */

/* Begin PBXFileReference section */
		CE5FCCEA22E8E17500A2AF2B /* ScrollViewSample.app */ = {isa = PBXFileReference; explicitFileType = wrapper.application; includeInIndex = 0; path = ScrollViewSample.app; sourceTree = BUILT_PRODUCTS_DIR; };
		CE5FCCED22E8E17500A2AF2B /* AppDelegate.swift */ = {isa = PBXFileReference; lastKnownFileType = sourcecode.swift; path = AppDelegate.swift; sourceTree = "<group>"; };
		CE5FCCEF22E8E17500A2AF2B /* ViewController.swift */ = {isa = PBXFileReference; lastKnownFileType = sourcecode.swift; path = ViewController.swift; sourceTree = "<group>"; };
		CE5FCCF222E8E17500A2AF2B /* Base */ = {isa = PBXFileReference; lastKnownFileType = file.storyboard; name = Base; path = Base.lproj/Main.storyboard; sourceTree = "<group>"; };
		CE5FCCF422E8E17700A2AF2B /* Assets.xcassets */ = {isa = PBXFileReference; lastKnownFileType = folder.assetcatalog; path = Assets.xcassets; sourceTree = "<group>"; };
		CE5FCCF722E8E17700A2AF2B /* Base */ = {isa = PBXFileReference; lastKnownFileType = file.storyboard; name = Base; path = Base.lproj/LaunchScreen.storyboard; sourceTree = "<group>"; };
		CE5FCCF922E8E17700A2AF2B /* Info.plist */ = {isa = PBXFileReference; lastKnownFileType = text.plist.xml; path = Info.plist; sourceTree = "<group>"; };
/* End PBXFileReference section */

/* Begin PBXFrameworksBuildPhase section */
		CE5FCCE722E8E17500A2AF2B /* Frameworks */ = {
			isa = PBXFrameworksBuildPhase;
			buildActionMask = 2147483647;
			files = (
			);
			runOnlyForDeploymentPostprocessing = 0;
		};
/* End PBXFrameworksBuildPhase section */

/* Begin PBXGroup section */
		CE5FCCE122E8E17500A2AF2B = {
			isa = PBXGroup;
			children = (
				CE5FCCEC22E8E17500A2AF2B /* ScrollViewSample */,
				CE5FCCEB22E8E17500A2AF2B /* Products */,
			);
			sourceTree = "<group>";
		};
		CE5FCCEB22E8E17500A2AF2B /* Products */ = {
			isa = PBXGroup;
			children = (
				CE5FCCEA22E8E17500A2AF2B /* ScrollViewSample.app */,
			);
			name = Products;
			sourceTree = "<group>";
		};
		CE5FCCEC22E8E17500A2AF2B /* ScrollViewSample */ = {
			isa = PBXGroup;
			children = (
				CE5FCCED22E8E17500A2AF2B /* AppDelegate.swift */,
				CE5FCCEF22E8E17500A2AF2B /* ViewController.swift */,
				CE5FCCF122E8E17500A2AF2B /* Main.storyboard */,
				CE5FCCF422E8E17700A2AF2B /* Assets.xcassets */,
				CE5FCCF622E8E17700A2AF2B /* LaunchScreen.storyboard */,
				CE5FCCF922E8E17700A2AF2B /* Info.plist */,
			);
			path = ScrollViewSample;
			sourceTree = "<group>";
		};
/* End PBXGroup section */

/* Begin PBXNativeTarget section */
		CE5FCCE922E8E17500A2AF2B /* ScrollViewSample */ = {
			isa = PBXNativeTarget;
			buildConfigurationList = CE5FCCFC22E8E17700A2AF2B /* Build configuration list for PBXNativeTarget "ScrollViewSample" */;
			buildPhases = (
				CE5FCCE622E8E17500A2AF2B /* Sources */,
				CE5FCCE722E8E17500A2AF2B /* Frameworks */,
				CE5FCCE822E8E17500A2AF2B /* Resources */,
			);
			buildRules = (
			);
			dependencies = (
			);
			name = ScrollViewSample;
			productName = ScrollViewSample;
			productReference = CE5FCCEA22E8E17500A2AF2B /* ScrollViewSample.app */;
			productType = "com.apple.product-type.application";
		};
/* End PBXNativeTarget section */

/* Begin PBXProject section */
		CE5FCCE222E8E17500A2AF2B /* Project object */ = {
			isa = PBXProject;
			attributes = {
				LastSwiftUpdateCheck = 1020;
				LastUpgradeCheck = 1020;
				ORGANIZATIONNAME = omaestra;
				TargetAttributes = {
					CE5FCCE922E8E17500A2AF2B = {
						CreatedOnToolsVersion = 10.2.1;
					};
				};
			};
			buildConfigurationList = CE5FCCE522E8E17500A2AF2B /* Build configuration list for PBXProject "ScrollViewSample" */;
			compatibilityVersion = "Xcode 9.3";
			developmentRegion = en;
			hasScannedForEncodings = 0;
			knownRegions = (
				en,
				Base,
			);
			mainGroup = CE5FCCE122E8E17500A2AF2B;
			productRefGroup = CE5FCCEB22E8E17500A2AF2B /* Products */;
			projectDirPath = "";
			projectRoot = "";
			targets = (
				CE5FCCE922E8E17500A2AF2B /* ScrollViewSample */,
			);
		};
/* End PBXProject section */

/* Begin PBXResourcesBuildPhase section */
		CE5FCCE822E8E17500A2AF2B /* Resources */ = {
			isa = PBXResourcesBuildPhase;
			buildActionMask = 2147483647;
			files = (
				CE5FCCF822E8E17700A2AF2B /* LaunchScreen.storyboard in Resources */,
				CE5FCCF522E8E17700A2AF2B /* Assets.xcassets in Resources */,
				CE5FCCF322E8E17500A2AF2B /* Main.storyboard in Resources */,
			);
			runOnlyForDeploymentPostprocessing = 0;
		};
/* End PBXResourcesBuildPhase section */

/* Begin PBXSourcesBuildPhase section */
		CE5FCCE622E8E17500A2AF2B /* Sources */ = {
			isa = PBXSourcesBuildPhase;
			buildActionMask = 2147483647;
			files = (
				CE5FCCF022E8E17500A2AF2B /* ViewController.swift in Sources */,
				CE5FCCEE22E8E17500A2AF2B /* AppDelegate.swift in Sources */,
			);
			runOnlyForDeploymentPostprocessing = 0;
		};
/* End PBXSourcesBuildPhase section */

/* Begin PBXVariantGroup section */
		CE5FCCF122E8E17500A2AF2B /* Main.storyboard */ = {
			isa = PBXVariantGroup;
			children = (
				CE5FCCF222E8E17500A2AF2B /* Base */,
			);
			name = Main.storyboard;
			sourceTree = "<group>";
		};
		CE5FCCF622E8E17700A2AF2B /* LaunchScreen.storyboard */ = {
			isa = PBXVariantGroup;
			children = (
				CE5FCCF722E8E17700A2AF2B /* Base */,
			);
			name = LaunchScreen.storyboard;
			sourceTree = "<group>";
		};
/* End PBXVariantGroup section */

/* Begin XCBuildConfiguration section */
		CE5FCCFA22E8E17700A2AF2B /* Debug */ = {
			isa = XCBuildConfiguration;
			buildSettings = {
				ALWAYS_SEARCH_USER_PATHS = NO;
				CLANG_ANALYZER_NONNULL = YES;
				CLANG_ANALYZER_NUMBER_OBJECT_CONVERSION = YES_AGGRESSIVE;
				CLANG_CXX_LANGUAGE_STANDARD = "gnu++14";
				CLANG_CXX_LIBRARY = "libc++";
				CLANG_ENABLE_MODULES = YES;
				CLANG_ENABLE_OBJC_ARC = YES;
				CLANG_ENABLE_OBJC_WEAK = YES;
				CLANG_WARN_BLOCK_CAPTURE_AUTORELEASING = YES;
				CLANG_WARN_BOOL_CONVERSION = YES;
				CLANG_WARN_COMMA = YES;
				CLANG_WARN_CONSTANT_CONVERSION = YES;
				CLANG_WARN_DEPRECATED_OBJC_IMPLEMENTATIONS = YES;
				CLANG_WARN_DIRECT_OBJC_ISA_USAGE = YES_ERROR;
				CLANG_WARN_DOCUMENTATION_COMMENTS = YES;
				CLANG_WARN_EMPTY_BODY = YES;
				CLANG_WARN_ENUM_CONVERSION = YES;
				CLANG_WARN_INFINITE_RECURSION = YES;
				CLANG_WARN_INT_CONVERSION = YES;
				CLANG_WARN_NON_LITERAL_NULL_CONVERSION = YES;
				CLANG_WARN_OBJC_IMPLICIT_RETAIN_SELF = YES;
				CLANG_WARN_OBJC_LITERAL_CONVERSION = YES;
				CLANG_WARN_OBJC_ROOT_CLASS = YES_ERROR;
				CLANG_WARN_RANGE_LOOP_ANALYSIS = YES;
				CLANG_WARN_STRICT_PROTOTYPES = YES;
				CLANG_WARN_SUSPICIOUS_MOVE = YES;
				CLANG_WARN_UNGUARDED_AVAILABILITY = YES_AGGRESSIVE;
				CLANG_WARN_UNREACHABLE_CODE = YES;
				CLANG_WARN__DUPLICATE_METHOD_MATCH = YES;
				CODE_SIGN_IDENTITY = "iPhone Developer";
				COPY_PHASE_STRIP = NO;
				DEBUG_INFORMATION_FORMAT = dwarf;
				ENABLE_STRICT_OBJC_MSGSEND = YES;
				ENABLE_TESTABILITY = YES;
				GCC_C_LANGUAGE_STANDARD = gnu11;
				GCC_DYNAMIC_NO_PIC = NO;
				GCC_NO_COMMON_BLOCKS = YES;
				GCC_OPTIMIZATION_LEVEL = 0;
				GCC_PREPROCESSOR_DEFINITIONS = (
					"DEBUG=1",
					"$(inherited)",
				);
				GCC_WARN_64_TO_32_BIT_CONVERSION = YES;
				GCC_WARN_ABOUT_RETURN_TYPE = YES_ERROR;
				GCC_WARN_UNDECLARED_SELECTOR = YES;
				GCC_WARN_UNINITIALIZED_AUTOS = YES_AGGRESSIVE;
				GCC_WARN_UNUSED_FUNCTION = YES;
				GCC_WARN_UNUSED_VARIABLE = YES;
				IPHONEOS_DEPLOYMENT_TARGET = 12.2;
				MTL_ENABLE_DEBUG_INFO = INCLUDE_SOURCE;
				MTL_FAST_MATH = YES;
				ONLY_ACTIVE_ARCH = YES;
				SDKROOT = iphoneos;
				SWIFT_ACTIVE_COMPILATION_CONDITIONS = DEBUG;
				SWIFT_OPTIMIZATION_LEVEL = "-Onone";
			};
			name = Debug;
		};
		CE5FCCFB22E8E17700A2AF2B /* Release */ = {
			isa = XCBuildConfiguration;
			buildSettings = {
				ALWAYS_SEARCH_USER_PATHS = NO;
				CLANG_ANALYZER_NONNULL = YES;
				CLANG_ANALYZER_NUMBER_OBJECT_CONVERSION = YES_AGGRESSIVE;
				CLANG_CXX_LANGUAGE_STANDARD = "gnu++14";
				CLANG_CXX_LIBRARY = "libc++";
				CLANG_ENABLE_MODULES = YES;
				CLANG_ENABLE_OBJC_ARC = YES;
				CLANG_ENABLE_OBJC_WEAK = YES;
				CLANG_WARN_BLOCK_CAPTURE_AUTORELEASING = YES;
				CLANG_WARN_BOOL_CONVERSION = YES;
				CLANG_WARN_COMMA = YES;
				CLANG_WARN_CONSTANT_CONVERSION = YES;
				CLANG_WARN_DEPRECATED_OBJC_IMPLEMENTATIONS = YES;
				CLANG_WARN_DIRECT_OBJC_ISA_USAGE = YES_ERROR;
				CLANG_WARN_DOCUMENTATION_COMMENTS = YES;
				CLANG_WARN_EMPTY_BODY = YES;
				CLANG_WARN_ENUM_CONVERSION = YES;
				CLANG_WARN_INFINITE_RECURSION = YES;
				CLANG_WARN_INT_CONVERSION = YES;
				CLANG_WARN_NON_LITERAL_NULL_CONVERSION = YES;
				CLANG_WARN_OBJC_IMPLICIT_RETAIN_SELF = YES;
				CLANG_WARN_OBJC_LITERAL_CONVERSION = YES;
				CLANG_WARN_OBJC_ROOT_CLASS = YES_ERROR;
				CLANG_WARN_RANGE_LOOP_ANALYSIS = YES;
				CLANG_WARN_STRICT_PROTOTYPES = YES;
				CLANG_WARN_SUSPICIOUS_MOVE = YES;
				CLANG_WARN_UNGUARDED_AVAILABILITY = YES_AGGRESSIVE;
				CLANG_WARN_UNREACHABLE_CODE = YES;
				CLANG_WARN__DUPLICATE_METHOD_MATCH = YES;
				CODE_SIGN_IDENTITY = "iPhone Developer";
				COPY_PHASE_STRIP = NO;
				DEBUG_INFORMATION_FORMAT = "dwarf-with-dsym";
				ENABLE_NS_ASSERTIONS = NO;
				ENABLE_STRICT_OBJC_MSGSEND = YES;
				GCC_C_LANGUAGE_STANDARD = gnu11;
				GCC_NO_COMMON_BLOCKS = YES;
				GCC_WARN_64_TO_32_BIT_CONVERSION = YES;
				GCC_WARN_ABOUT_RETURN_TYPE = YES_ERROR;
				GCC_WARN_UNDECLARED_SELECTOR = YES;
				GCC_WARN_UNINITIALIZED_AUTOS = YES_AGGRESSIVE;
				GCC_WARN_UNUSED_FUNCTION = YES;
				GCC_WARN_UNUSED_VARIABLE = YES;
				IPHONEOS_DEPLOYMENT_TARGET = 12.2;
				MTL_ENABLE_DEBUG_INFO = NO;
				MTL_FAST_MATH = YES;
				SDKROOT = iphoneos;
				SWIFT_COMPILATION_MODE = wholemodule;
				SWIFT_OPTIMIZATION_LEVEL = "-O";
				VALIDATE_PRODUCT = YES;
			};
			name = Release;
		};
		CE5FCCFD22E8E17700A2AF2B /* Debug */ = {
			isa = XCBuildConfiguration;
			buildSettings = {
				ASSETCATALOG_COMPILER_APPICON_NAME = AppIcon;
				CODE_SIGN_STYLE = Automatic;
				DEVELOPMENT_TEAM = VE9B7KYEE9;
				INFOPLIST_FILE = ScrollViewSample/Info.plist;
				LD_RUNPATH_SEARCH_PATHS = (
					"$(inherited)",
					"@executable_path/Frameworks",
				);
				PRODUCT_BUNDLE_IDENTIFIER = com.omaestra.ScrollViewSample;
				PRODUCT_NAME = "$(TARGET_NAME)";
				SWIFT_VERSION = 5.0;
				TARGETED_DEVICE_FAMILY = "1,2";
			};
			name = Debug;
		};
		CE5FCCFE22E8E17700A2AF2B /* Release */ = {
			isa = XCBuildConfiguration;
			buildSettings = {
				ASSETCATALOG_COMPILER_APPICON_NAME = AppIcon;
				CODE_SIGN_STYLE = Automatic;
				DEVELOPMENT_TEAM = VE9B7KYEE9;
				INFOPLIST_FILE = ScrollViewSample/Info.plist;
				LD_RUNPATH_SEARCH_PATHS = (
					"$(inherited)",
					"@executable_path/Frameworks",
				);
				PRODUCT_BUNDLE_IDENTIFIER = com.omaestra.ScrollViewSample;
				PRODUCT_NAME = "$(TARGET_NAME)";
				SWIFT_VERSION = 5.0;
				TARGETED_DEVICE_FAMILY = "1,2";
			};
			name = Release;
		};
/* End XCBuildConfiguration section */

/* Begin XCConfigurationList section */
		CE5FCCE522E8E17500A2AF2B /* Build configuration list for PBXProject "ScrollViewSample" */ = {
			isa = XCConfigurationList;
			buildConfigurations = (
				CE5FCCFA22E8E17700A2AF2B /* Debug */,
				CE5FCCFB22E8E17700A2AF2B /* Release */,
			);
			defaultConfigurationIsVisible = 0;
			defaultConfigurationName = Release;
		};
		CE5FCCFC22E8E17700A2AF2B /* Build configuration list for PBXNativeTarget "ScrollViewSample" */ = {
			isa = XCConfigurationList;
			buildConfigurations = (
				CE5FCCFD22E8E17700A2AF2B /* Debug */,
				CE5FCCFE22E8E17700A2AF2B /* Release */,
			);
			defaultConfigurationIsVisible = 0;
			defaultConfigurationName = Release;
		};
/* End XCConfigurationList section */
	};
	rootObject = CE5FCCE222E8E17500A2AF2B /* Project object */;
}
