// !$*UTF8*$!
{
	archiveVersion = 1;
	classes = {
	};
	objectVersion = 50;
	objects = {

/* Begin PBXBuildFile section */
		CE09361222E4ABF100E16D35 /* AppDelegate.swift in Sources */ = {isa = PBXBuildFile; fileRef = CE09361122E4ABF100E16D35 /* AppDelegate.swift */; };
		CE09361422E4ABF100E16D35 /* ViewController.swift in Sources */ = {isa = PBXBuildFile; fileRef = CE09361322E4ABF100E16D35 /* ViewController.swift */; };
		CE09361722E4ABF100E16D35 /* Main.storyboard in Resources */ = {isa = PBXBuildFile; fileRef = CE09361522E4ABF100E16D35 /* Main.storyboard */; };
		CE09361922E4ABF200E16D35 /* Assets.xcassets in Resources */ = {isa = PBXBuildFile; fileRef = CE09361822E4ABF200E16D35 /* Assets.xcassets */; };
		CE09361C22E4ABF200E16D35 /* LaunchScreen.storyboard in Resources */ = {isa = PBXBuildFile; fileRef = CE09361A22E4ABF200E16D35 /* LaunchScreen.storyboard */; };
/* End PBXBuildFile section */

/* Begin PBXFileReference section */
		CE09360E22E4ABF100E16D35 /* UserNotificationsSample.app */ = {isa = PBXFileReference; explicitFileType = wrapper.application; includeInIndex = 0; path = UserNotificationsSample.app; sourceTree = BUILT_PRODUCTS_DIR; };
		CE09361122E4ABF100E16D35 /* AppDelegate.swift */ = {isa = PBXFileReference; lastKnownFileType = sourcecode.swift; path = AppDelegate.swift; sourceTree = "<group>"; };
		CE09361322E4ABF100E16D35 /* ViewController.swift */ = {isa = PBXFileReference; lastKnownFileType = sourcecode.swift; path = ViewController.swift; sourceTree = "<group>"; };
		CE09361622E4ABF100E16D35 /* Base */ = {isa = PBXFileReference; lastKnownFileType = file.storyboard; name = Base; path = Base.lproj/Main.storyboard; sourceTree = "<group>"; };
		CE09361822E4ABF200E16D35 /* Assets.xcassets */ = {isa = PBXFileReference; lastKnownFileType = folder.assetcatalog; path = Assets.xcassets; sourceTree = "<group>"; };
		CE09361B22E4ABF200E16D35 /* Base */ = {isa = PBXFileReference; lastKnownFileType = file.storyboard; name = Base; path = Base.lproj/LaunchScreen.storyboard; sourceTree = "<group>"; };
		CE09361D22E4ABF200E16D35 /* Info.plist */ = {isa = PBXFileReference; lastKnownFileType = text.plist.xml; path = Info.plist; sourceTree = "<group>"; };
/* End PBXFileReference section */

/* Begin PBXFrameworksBuildPhase section */
		CE09360B22E4ABF100E16D35 /* Frameworks */ = {
			isa = PBXFrameworksBuildPhase;
			buildActionMask = 2147483647;
			files = (
			);
			runOnlyForDeploymentPostprocessing = 0;
		};
/* End PBXFrameworksBuildPhase section */

/* Begin PBXGroup section */
		CE09360522E4ABF100E16D35 = {
			isa = PBXGroup;
			children = (
				CE09361022E4ABF100E16D35 /* UserNotificationsSample */,
				CE09360F22E4ABF100E16D35 /* Products */,
			);
			sourceTree = "<group>";
		};
		CE09360F22E4ABF100E16D35 /* Products */ = {
			isa = PBXGroup;
			children = (
				CE09360E22E4ABF100E16D35 /* UserNotificationsSample.app */,
			);
			name = Products;
			sourceTree = "<group>";
		};
		CE09361022E4ABF100E16D35 /* UserNotificationsSample */ = {
			isa = PBXGroup;
			children = (
				CE09361122E4ABF100E16D35 /* AppDelegate.swift */,
				CE09361322E4ABF100E16D35 /* ViewController.swift */,
				CE09361522E4ABF100E16D35 /* Main.storyboard */,
				CE09361822E4ABF200E16D35 /* Assets.xcassets */,
				CE09361A22E4ABF200E16D35 /* LaunchScreen.storyboard */,
				CE09361D22E4ABF200E16D35 /* Info.plist */,
			);
			path = UserNotificationsSample;
			sourceTree = "<group>";
		};
/* End PBXGroup section */

/* Begin PBXNativeTarget section */
		CE09360D22E4ABF100E16D35 /* UserNotificationsSample */ = {
			isa = PBXNativeTarget;
			buildConfigurationList = CE09362022E4ABF200E16D35 /* Build configuration list for PBXNativeTarget "UserNotificationsSample" */;
			buildPhases = (
				CE09360A22E4ABF100E16D35 /* Sources */,
				CE09360B22E4ABF100E16D35 /* Frameworks */,
				CE09360C22E4ABF100E16D35 /* Resources */,
			);
			buildRules = (
			);
			dependencies = (
			);
			name = UserNotificationsSample;
			productName = UserNotificationsSample;
			productReference = CE09360E22E4ABF100E16D35 /* UserNotificationsSample.app */;
			productType = "com.apple.product-type.application";
		};
/* End PBXNativeTarget section */

/* Begin PBXProject section */
		CE09360622E4ABF100E16D35 /* Project object */ = {
			isa = PBXProject;
			attributes = {
				LastSwiftUpdateCheck = 1020;
				LastUpgradeCheck = 1020;
				ORGANIZATIONNAME = omaestra;
				TargetAttributes = {
					CE09360D22E4ABF100E16D35 = {
						CreatedOnToolsVersion = 10.2.1;
					};
				};
			};
			buildConfigurationList = CE09360922E4ABF100E16D35 /* Build configuration list for PBXProject "UserNotificationsSample" */;
			compatibilityVersion = "Xcode 9.3";
			developmentRegion = en;
			hasScannedForEncodings = 0;
			knownRegions = (
				en,
				Base,
			);
			mainGroup = CE09360522E4ABF100E16D35;
			productRefGroup = CE09360F22E4ABF100E16D35 /* Products */;
			projectDirPath = "";
			projectRoot = "";
			targets = (
				CE09360D22E4ABF100E16D35 /* UserNotificationsSample */,
			);
		};
/* End PBXProject section */

/* Begin PBXResourcesBuildPhase section */
		CE09360C22E4ABF100E16D35 /* Resources */ = {
			isa = PBXResourcesBuildPhase;
			buildActionMask = 2147483647;
			files = (
				CE09361C22E4ABF200E16D35 /* LaunchScreen.storyboard in Resources */,
				CE09361922E4ABF200E16D35 /* Assets.xcassets in Resources */,
				CE09361722E4ABF100E16D35 /* Main.storyboard in Resources */,
			);
			runOnlyForDeploymentPostprocessing = 0;
		};
/* End PBXResourcesBuildPhase section */

/* Begin PBXSourcesBuildPhase section */
		CE09360A22E4ABF100E16D35 /* Sources */ = {
			isa = PBXSourcesBuildPhase;
			buildActionMask = 2147483647;
			files = (
				CE09361422E4ABF100E16D35 /* ViewController.swift in Sources */,
				CE09361222E4ABF100E16D35 /* AppDelegate.swift in Sources */,
			);
			runOnlyForDeploymentPostprocessing = 0;
		};
/* End PBXSourcesBuildPhase section */

/* Begin PBXVariantGroup section */
		CE09361522E4ABF100E16D35 /* Main.storyboard */ = {
			isa = PBXVariantGroup;
			children = (
				CE09361622E4ABF100E16D35 /* Base */,
			);
			name = Main.storyboard;
			sourceTree = "<group>";
		};
		CE09361A22E4ABF200E16D35 /* LaunchScreen.storyboard */ = {
			isa = PBXVariantGroup;
			children = (
				CE09361B22E4ABF200E16D35 /* Base */,
			);
			name = LaunchScreen.storyboard;
			sourceTree = "<group>";
		};
/* End PBXVariantGroup section */

/* Begin XCBuildConfiguration section */
		CE09361E22E4ABF200E16D35 /* Debug */ = {
			isa = XCBuildConfiguration;
			buildSettings = {
				ALWAYS_SEARCH_USER_PATHS = NO;
				CLANG_ANALYZER_NONNULL = YES;
				CLANG_ANALYZER_NUMBER_OBJECT_CONVERSION = YES_AGGRESSIVE;
				CLANG_CXX_LANGUAGE_STANDARD = "gnu++14";
				CLANG_CXX_LIBRARY = "libc++";
				CLANG_ENABLE_MODULES = YES;
				CLANG_ENABLE_OBJC_ARC = YES;
				CLANG_ENABLE_OBJC_WEAK = YES;
				CLANG_WARN_BLOCK_CAPTURE_AUTORELEASING = YES;
				CLANG_WARN_BOOL_CONVERSION = YES;
				CLANG_WARN_COMMA = YES;
				CLANG_WARN_CONSTANT_CONVERSION = YES;
				CLANG_WARN_DEPRECATED_OBJC_IMPLEMENTATIONS = YES;
				CLANG_WARN_DIRECT_OBJC_ISA_USAGE = YES_ERROR;
				CLANG_WARN_DOCUMENTATION_COMMENTS = YES;
				CLANG_WARN_EMPTY_BODY = YES;
				CLANG_WARN_ENUM_CONVERSION = YES;
				CLANG_WARN_INFINITE_RECURSION = YES;
				CLANG_WARN_INT_CONVERSION = YES;
				CLANG_WARN_NON_LITERAL_NULL_CONVERSION = YES;
				CLANG_WARN_OBJC_IMPLICIT_RETAIN_SELF = YES;
				CLANG_WARN_OBJC_LITERAL_CONVERSION = YES;
				CLANG_WARN_OBJC_ROOT_CLASS = YES_ERROR;
				CLANG_WARN_RANGE_LOOP_ANALYSIS = YES;
				CLANG_WARN_STRICT_PROTOTYPES = YES;
				CLANG_WARN_SUSPICIOUS_MOVE = YES;
				CLANG_WARN_UNGUARDED_AVAILABILITY = YES_AGGRESSIVE;
				CLANG_WARN_UNREACHABLE_CODE = YES;
				CLANG_WARN__DUPLICATE_METHOD_MATCH = YES;
				CODE_SIGN_IDENTITY = "iPhone Developer";
				COPY_PHASE_STRIP = NO;
				DEBUG_INFORMATION_FORMAT = dwarf;
				ENABLE_STRICT_OBJC_MSGSEND = YES;
				ENABLE_TESTABILITY = YES;
				GCC_C_LANGUAGE_STANDARD = gnu11;
				GCC_DYNAMIC_NO_PIC = NO;
				GCC_NO_COMMON_BLOCKS = YES;
				GCC_OPTIMIZATION_LEVEL = 0;
				GCC_PREPROCESSOR_DEFINITIONS = (
					"DEBUG=1",
					"$(inherited)",
				);
				GCC_WARN_64_TO_32_BIT_CONVERSION = YES;
				GCC_WARN_ABOUT_RETURN_TYPE = YES_ERROR;
				GCC_WARN_UNDECLARED_SELECTOR = YES;
				GCC_WARN_UNINITIALIZED_AUTOS = YES_AGGRESSIVE;
				GCC_WARN_UNUSED_FUNCTION = YES;
				GCC_WARN_UNUSED_VARIABLE = YES;
				IPHONEOS_DEPLOYMENT_TARGET = 12.2;
				MTL_ENABLE_DEBUG_INFO = INCLUDE_SOURCE;
				MTL_FAST_MATH = YES;
				ONLY_ACTIVE_ARCH = YES;
				SDKROOT = iphoneos;
				SWIFT_ACTIVE_COMPILATION_CONDITIONS = DEBUG;
				SWIFT_OPTIMIZATION_LEVEL = "-Onone";
			};
			name = Debug;
		};
		CE09361F22E4ABF200E16D35 /* Release */ = {
			isa = XCBuildConfiguration;
			buildSettings = {
				ALWAYS_SEARCH_USER_PATHS = NO;
				CLANG_ANALYZER_NONNULL = YES;
				CLANG_ANALYZER_NUMBER_OBJECT_CONVERSION = YES_AGGRESSIVE;
				CLANG_CXX_LANGUAGE_STANDARD = "gnu++14";
				CLANG_CXX_LIBRARY = "libc++";
				CLANG_ENABLE_MODULES = YES;
				CLANG_ENABLE_OBJC_ARC = YES;
				CLANG_ENABLE_OBJC_WEAK = YES;
				CLANG_WARN_BLOCK_CAPTURE_AUTORELEASING = YES;
				CLANG_WARN_BOOL_CONVERSION = YES;
				CLANG_WARN_COMMA = YES;
				CLANG_WARN_CONSTANT_CONVERSION = YES;
				CLANG_WARN_DEPRECATED_OBJC_IMPLEMENTATIONS = YES;
				CLANG_WARN_DIRECT_OBJC_ISA_USAGE = YES_ERROR;
				CLANG_WARN_DOCUMENTATION_COMMENTS = YES;
				CLANG_WARN_EMPTY_BODY = YES;
				CLANG_WARN_ENUM_CONVERSION = YES;
				CLANG_WARN_INFINITE_RECURSION = YES;
				CLANG_WARN_INT_CONVERSION = YES;
				CLANG_WARN_NON_LITERAL_NULL_CONVERSION = YES;
				CLANG_WARN_OBJC_IMPLICIT_RETAIN_SELF = YES;
				CLANG_WARN_OBJC_LITERAL_CONVERSION = YES;
				CLANG_WARN_OBJC_ROOT_CLASS = YES_ERROR;
				CLANG_WARN_RANGE_LOOP_ANALYSIS = YES;
				CLANG_WARN_STRICT_PROTOTYPES = YES;
				CLANG_WARN_SUSPICIOUS_MOVE = YES;
				CLANG_WARN_UNGUARDED_AVAILABILITY = YES_AGGRESSIVE;
				CLANG_WARN_UNREACHABLE_CODE = YES;
				CLANG_WARN__DUPLICATE_METHOD_MATCH = YES;
				CODE_SIGN_IDENTITY = "iPhone Developer";
				COPY_PHASE_STRIP = NO;
				DEBUG_INFORMATION_FORMAT = "dwarf-with-dsym";
				ENABLE_NS_ASSERTIONS = NO;
				ENABLE_STRICT_OBJC_MSGSEND = YES;
				GCC_C_LANGUAGE_STANDARD = gnu11;
				GCC_NO_COMMON_BLOCKS = YES;
				GCC_WARN_64_TO_32_BIT_CONVERSION = YES;
				GCC_WARN_ABOUT_RETURN_TYPE = YES_ERROR;
				GCC_WARN_UNDECLARED_SELECTOR = YES;
				GCC_WARN_UNINITIALIZED_AUTOS = YES_AGGRESSIVE;
				GCC_WARN_UNUSED_FUNCTION = YES;
				GCC_WARN_UNUSED_VARIABLE = YES;
				IPHONEOS_DEPLOYMENT_TARGET = 12.2;
				MTL_ENABLE_DEBUG_INFO = NO;
				MTL_FAST_MATH = YES;
				SDKROOT = iphoneos;
				SWIFT_COMPILATION_MODE = wholemodule;
				SWIFT_OPTIMIZATION_LEVEL = "-O";
				VALIDATE_PRODUCT = YES;
			};
			name = Release;
		};
		CE09362122E4ABF200E16D35 /* Debug */ = {
			isa = XCBuildConfiguration;
			buildSettings = {
				ASSETCATALOG_COMPILER_APPICON_NAME = AppIcon;
				CODE_SIGN_STYLE = Automatic;
				DEVELOPMENT_TEAM = VE9B7KYEE9;
				INFOPLIST_FILE = UserNotificationsSample/Info.plist;
				LD_RUNPATH_SEARCH_PATHS = (
					"$(inherited)",
					"@executable_path/Frameworks",
				);
				PRODUCT_BUNDLE_IDENTIFIER = com.omaestra.UserNotificationsSample;
				PRODUCT_NAME = "$(TARGET_NAME)";
				SWIFT_VERSION = 5.0;
				TARGETED_DEVICE_FAMILY = "1,2";
			};
			name = Debug;
		};
		CE09362222E4ABF200E16D35 /* Release */ = {
			isa = XCBuildConfiguration;
			buildSettings = {
				ASSETCATALOG_COMPILER_APPICON_NAME = AppIcon;
				CODE_SIGN_STYLE = Automatic;
				DEVELOPMENT_TEAM = VE9B7KYEE9;
				INFOPLIST_FILE = UserNotificationsSample/Info.plist;
				LD_RUNPATH_SEARCH_PATHS = (
					"$(inherited)",
					"@executable_path/Frameworks",
				);
				PRODUCT_BUNDLE_IDENTIFIER = com.omaestra.UserNotificationsSample;
				PRODUCT_NAME = "$(TARGET_NAME)";
				SWIFT_VERSION = 5.0;
				TARGETED_DEVICE_FAMILY = "1,2";
			};
			name = Release;
		};
/* End XCBuildConfiguration section */

/* Begin XCConfigurationList section */
		CE09360922E4ABF100E16D35 /* Build configuration list for PBXProject "UserNotificationsSample" */ = {
			isa = XCConfigurationList;
			buildConfigurations = (
				CE09361E22E4ABF200E16D35 /* Debug */,
				CE09361F22E4ABF200E16D35 /* Release */,
			);
			defaultConfigurationIsVisible = 0;
			defaultConfigurationName = Release;
		};
		CE09362022E4ABF200E16D35 /* Build configuration list for PBXNativeTarget "UserNotificationsSample" */ = {
			isa = XCConfigurationList;
			buildConfigurations = (
				CE09362122E4ABF200E16D35 /* Debug */,
				CE09362222E4ABF200E16D35 /* Release */,
			);
			defaultConfigurationIsVisible = 0;
			defaultConfigurationName = Release;
		};
/* End XCConfigurationList section */
	};
	rootObject = CE09360622E4ABF100E16D35 /* Project object */;
}
